
Microsoft Visual Studio Solution File, Format Version 12.00
# Visual Studio Version 17
VisualStudioVersion = 17.0.31903.59
MinimumVisualStudioVersion = 10.0.40219.1
Project("{FAE04EC0-301F-11D3-BF4B-00C04F79EFBC}") = "Termodel.Core", "src\Termodel.Core\Termodel.Core.csproj", "{3D4828EB-E821-495C-BB5B-A7B90AA59ECD}"
EndProject
Project("{FAE04EC0-301F-11D3-BF4B-00C04F79EFBC}") = "Termodel.WebService", "src\Termodel.WebService\Termodel.WebService.csproj", "{2A1822E9-2A59-493B-896D-F60FE3767F0D}"
EndProject
Global
	GlobalSection(SolutionConfigurationPlatforms) = preSolution
		Debug|Any CPU = Debug|Any CPU
		Release|Any CPU = Release|Any CPU
	EndGlobalSection
	GlobalSection(ProjectConfigurationPlatforms) = postSolution
		{3D4828EB-E821-495C-BB5B-A7B90AA59ECD}.Debug|Any CPU.ActiveCfg = Debug|Any CPU
		{3D4828EB-E821-495C-BB5B-A7B90AA59ECD}.Debug|Any CPU.Build.0 = Debug|Any CPU
		{3D4828EB-E821-495C-BB5B-A7B90AA59ECD}.Release|Any CPU.ActiveCfg = Release|Any CPU
		{3D4828EB-E821-495C-BB5B-A7B90AA59ECD}.Release|Any CPU.Build.0 = Release|Any CPU
		{2A1822E9-2A59-493B-896D-F60FE3767F0D}.Debug|Any CPU.ActiveCfg = Debug|Any CPU
		{2A1822E9-2A59-493B-896D-F60FE3767F0D}.Debug|Any CPU.Build.0 = Debug|Any CPU
		{2A1822E9-2A59-493B-896D-F60FE3767F0D}.Release|Any CPU.ActiveCfg = Release|Any CPU
		{2A1822E9-2A59-493B-896D-F60FE3767F0D}.Release|Any CPU.Build.0 = Release|Any CPU
	EndGlobalSection
	GlobalSection(SolutionProperties) = preSolution
		HideSolutionNode = FALSE
	EndGlobalSection
EndGlobal
